// !$*UTF8*$!
{
	archiveVersion = 1;
	classes = {
	};
	objectVersion = 46;
	objects = {

/* Begin PBXBuildFile section */
		411111A61A8767ED003F0EC4 /* AppDelegate.swift in Sources */ = {isa = PBXBuildFile; fileRef = 411111A51A8767ED003F0EC4 /* AppDelegate.swift */; };
		411111A81A8767ED003F0EC4 /* GameScene.sks in Resources */ = {isa = PBXBuildFile; fileRef = 411111A71A8767ED003F0EC4 /* GameScene.sks */; };
		411111AA1A8767ED003F0EC4 /* GameScene.swift in Sources */ = {isa = PBXBuildFile; fileRef = 411111A91A8767ED003F0EC4 /* GameScene.swift */; };
		411111AC1A8767ED003F0EC4 /* GameViewController.swift in Sources */ = {isa = PBXBuildFile; fileRef = 411111AB1A8767ED003F0EC4 /* GameViewController.swift */; };
		411111AF1A8767ED003F0EC4 /* Main.storyboard in Resources */ = {isa = PBXBuildFile; fileRef = 411111AD1A8767ED003F0EC4 /* Main.storyboard */; };
		411111B11A8767ED003F0EC4 /* Images.xcassets in Resources */ = {isa = PBXBuildFile; fileRef = 411111B01A8767ED003F0EC4 /* Images.xcassets */; };
		411111B41A8767ED003F0EC4 /* LaunchScreen.xib in Resources */ = {isa = PBXBuildFile; fileRef = 411111B21A8767ED003F0EC4 /* LaunchScreen.xib */; };
		411111C01A8767ED003F0EC4 /* SG_TemplateTests.swift in Sources */ = {isa = PBXBuildFile; fileRef = 411111BF1A8767ED003F0EC4 /* SG_TemplateTests.swift */; };
/* End PBXBuildFile section */

/* Begin PBXContainerItemProxy section */
		411111BA1A8767ED003F0EC4 /* PBXContainerItemProxy */ = {
			isa = PBXContainerItemProxy;
			containerPortal = 411111981A8767ED003F0EC4 /* Project object */;
			proxyType = 1;
			remoteGlobalIDString = 4111119F1A8767ED003F0EC4;
			remoteInfo = SG_Template;
		};
/* End PBXContainerItemProxy section */

/* Begin PBXFileReference section */
		411111A01A8767ED003F0EC4 /* SG_Template.app */ = {isa = PBXFileReference; explicitFileType = wrapper.application; includeInIndex = 0; path = SG_Template.app; sourceTree = BUILT_PRODUCTS_DIR; };
		411111A41A8767ED003F0EC4 /* Info.plist */ = {isa = PBXFileReference; lastKnownFileType = text.plist.xml; path = Info.plist; sourceTree = "<group>"; };
		411111A51A8767ED003F0EC4 /* AppDelegate.swift */ = {isa = PBXFileReference; lastKnownFileType = sourcecode.swift; path = AppDelegate.swift; sourceTree = "<group>"; };
		411111A71A8767ED003F0EC4 /* GameScene.sks */ = {isa = PBXFileReference; lastKnownFileType = file.sks; path = GameScene.sks; sourceTree = "<group>"; };
		411111A91A8767ED003F0EC4 /* GameScene.swift */ = {isa = PBXFileReference; lastKnownFileType = sourcecode.swift; path = GameScene.swift; sourceTree = "<group>"; };
		411111AB1A8767ED003F0EC4 /* GameViewController.swift */ = {isa = PBXFileReference; lastKnownFileType = sourcecode.swift; path = GameViewController.swift; sourceTree = "<group>"; };
		411111AE1A8767ED003F0EC4 /* Base */ = {isa = PBXFileReference; lastKnownFileType = file.storyboard; name = Base; path = Base.lproj/Main.storyboard; sourceTree = "<group>"; };
		411111B01A8767ED003F0EC4 /* Images.xcassets */ = {isa = PBXFileReference; lastKnownFileType = folder.assetcatalog; path = Images.xcassets; sourceTree = "<group>"; };
		411111B31A8767ED003F0EC4 /* Base */ = {isa = PBXFileReference; lastKnownFileType = file.xib; name = Base; path = Base.lproj/LaunchScreen.xib; sourceTree = "<group>"; };
		411111B91A8767ED003F0EC4 /* SG_TemplateTests.xctest */ = {isa = PBXFileReference; explicitFileType = wrapper.cfbundle; includeInIndex = 0; path = SG_TemplateTests.xctest; sourceTree = BUILT_PRODUCTS_DIR; };
		411111BE1A8767ED003F0EC4 /* Info.plist */ = {isa = PBXFileReference; lastKnownFileType = text.plist.xml; path = Info.plist; sourceTree = "<group>"; };
		411111BF1A8767ED003F0EC4 /* SG_TemplateTests.swift */ = {isa = PBXFileReference; lastKnownFileType = sourcecode.swift; path = SG_TemplateTests.swift; sourceTree = "<group>"; };
/* End PBXFileReference section */

/* Begin PBXFrameworksBuildPhase section */
		4111119D1A8767ED003F0EC4 /* Frameworks */ = {
			isa = PBXFrameworksBuildPhase;
			buildActionMask = 2147483647;
			files = (
			);
			runOnlyForDeploymentPostprocessing = 0;
		};
		411111B61A8767ED003F0EC4 /* Frameworks */ = {
			isa = PBXFrameworksBuildPhase;
			buildActionMask = 2147483647;
			files = (
			);
			runOnlyForDeploymentPostprocessing = 0;
		};
/* End PBXFrameworksBuildPhase section */

/* Begin PBXGroup section */
		411111971A8767ED003F0EC4 = {
			isa = PBXGroup;
			children = (
				411111A21A8767ED003F0EC4 /* SG_Template */,
				411111BC1A8767ED003F0EC4 /* SG_TemplateTests */,
				411111A11A8767ED003F0EC4 /* Products */,
			);
			sourceTree = "<group>";
		};
		411111A11A8767ED003F0EC4 /* Products */ = {
			isa = PBXGroup;
			children = (
				411111A01A8767ED003F0EC4 /* SG_Template.app */,
				411111B91A8767ED003F0EC4 /* SG_TemplateTests.xctest */,
			);
			name = Products;
			sourceTree = "<group>";
		};
		411111A21A8767ED003F0EC4 /* SG_Template */ = {
			isa = PBXGroup;
			children = (
				411111A51A8767ED003F0EC4 /* AppDelegate.swift */,
				411111A71A8767ED003F0EC4 /* GameScene.sks */,
				411111A91A8767ED003F0EC4 /* GameScene.swift */,
				411111AB1A8767ED003F0EC4 /* GameViewController.swift */,
				411111AD1A8767ED003F0EC4 /* Main.storyboard */,
				411111B01A8767ED003F0EC4 /* Images.xcassets */,
				411111B21A8767ED003F0EC4 /* LaunchScreen.xib */,
				411111A31A8767ED003F0EC4 /* Supporting Files */,
			);
			path = SG_Template;
			sourceTree = "<group>";
		};
		411111A31A8767ED003F0EC4 /* Supporting Files */ = {
			isa = PBXGroup;
			children = (
				411111A41A8767ED003F0EC4 /* Info.plist */,
			);
			name = "Supporting Files";
			sourceTree = "<group>";
		};
		411111BC1A8767ED003F0EC4 /* SG_TemplateTests */ = {
			isa = PBXGroup;
			children = (
				411111BF1A8767ED003F0EC4 /* SG_TemplateTests.swift */,
				411111BD1A8767ED003F0EC4 /* Supporting Files */,
			);
			path = SG_TemplateTests;
			sourceTree = "<group>";
		};
		411111BD1A8767ED003F0EC4 /* Supporting Files */ = {
			isa = PBXGroup;
			children = (
				411111BE1A8767ED003F0EC4 /* Info.plist */,
			);
			name = "Supporting Files";
			sourceTree = "<group>";
		};
/* End PBXGroup section */

/* Begin PBXNativeTarget section */
		4111119F1A8767ED003F0EC4 /* SG_Template */ = {
			isa = PBXNativeTarget;
			buildConfigurationList = 411111C31A8767ED003F0EC4 /* Build configuration list for PBXNativeTarget "SG_Template" */;
			buildPhases = (
				4111119C1A8767ED003F0EC4 /* Sources */,
				4111119D1A8767ED003F0EC4 /* Frameworks */,
				4111119E1A8767ED003F0EC4 /* Resources */,
			);
			buildRules = (
			);
			dependencies = (
			);
			name = SG_Template;
			productName = SG_Template;
			productReference = 411111A01A8767ED003F0EC4 /* SG_Template.app */;
			productType = "com.apple.product-type.application";
		};
		411111B81A8767ED003F0EC4 /* SG_TemplateTests */ = {
			isa = PBXNativeTarget;
			buildConfigurationList = 411111C61A8767ED003F0EC4 /* Build configuration list for PBXNativeTarget "SG_TemplateTests" */;
			buildPhases = (
				411111B51A8767ED003F0EC4 /* Sources */,
				411111B61A8767ED003F0EC4 /* Frameworks */,
				411111B71A8767ED003F0EC4 /* Resources */,
			);
			buildRules = (
			);
			dependencies = (
				411111BB1A8767ED003F0EC4 /* PBXTargetDependency */,
			);
			name = SG_TemplateTests;
			productName = SG_TemplateTests;
			productReference = 411111B91A8767ED003F0EC4 /* SG_TemplateTests.xctest */;
			productType = "com.apple.product-type.bundle.unit-test";
		};
/* End PBXNativeTarget section */

/* Begin PBXProject section */
		411111981A8767ED003F0EC4 /* Project object */ = {
			isa = PBXProject;
			attributes = {
				LastUpgradeCheck = 0610;
				ORGANIZATIONNAME = "Neil North";
				TargetAttributes = {
					4111119F1A8767ED003F0EC4 = {
						CreatedOnToolsVersion = 6.1.1;
					};
					411111B81A8767ED003F0EC4 = {
						CreatedOnToolsVersion = 6.1.1;
						TestTargetID = 4111119F1A8767ED003F0EC4;
					};
				};
			};
			buildConfigurationList = 4111119B1A8767ED003F0EC4 /* Build configuration list for PBXProject "SG_Template" */;
			compatibilityVersion = "Xcode 3.2";
			developmentRegion = English;
			hasScannedForEncodings = 0;
			knownRegions = (
				en,
				Base,
			);
			mainGroup = 411111971A8767ED003F0EC4;
			productRefGroup = 411111A11A8767ED003F0EC4 /* Products */;
			projectDirPath = "";
			projectRoot = "";
			targets = (
				4111119F1A8767ED003F0EC4 /* SG_Template */,
				411111B81A8767ED003F0EC4 /* SG_TemplateTests */,
			);
		};
/* End PBXProject section */

/* Begin PBXResourcesBuildPhase section */
		4111119E1A8767ED003F0EC4 /* Resources */ = {
			isa = PBXResourcesBuildPhase;
			buildActionMask = 2147483647;
			files = (
				411111B41A8767ED003F0EC4 /* LaunchScreen.xib in Resources */,
				411111B11A8767ED003F0EC4 /* Images.xcassets in Resources */,
				411111A81A8767ED003F0EC4 /* GameScene.sks in Resources */,
				411111AF1A8767ED003F0EC4 /* Main.storyboard in Resources */,
			);
			runOnlyForDeploymentPostprocessing = 0;
		};
		411111B71A8767ED003F0EC4 /* Resources */ = {
			isa = PBXResourcesBuildPhase;
			buildActionMask = 2147483647;
			files = (
			);
			runOnlyForDeploymentPostprocessing = 0;
		};
/* End PBXResourcesBuildPhase section */

/* Begin PBXSourcesBuildPhase section */
		4111119C1A8767ED003F0EC4 /* Sources */ = {
			isa = PBXSourcesBuildPhase;
			buildActionMask = 2147483647;
			files = (
				411111AA1A8767ED003F0EC4 /* GameScene.swift in Sources */,
				411111AC1A8767ED003F0EC4 /* GameViewController.swift in Sources */,
				411111A61A8767ED003F0EC4 /* AppDelegate.swift in Sources */,
			);
			runOnlyForDeploymentPostprocessing = 0;
		};
		411111B51A8767ED003F0EC4 /* Sources */ = {
			isa = PBXSourcesBuildPhase;
			buildActionMask = 2147483647;
			files = (
				411111C01A8767ED003F0EC4 /* SG_TemplateTests.swift in Sources */,
			);
			runOnlyForDeploymentPostprocessing = 0;
		};
/* End PBXSourcesBuildPhase section */

/* Begin PBXTargetDependency section */
		411111BB1A8767ED003F0EC4 /* PBXTargetDependency */ = {
			isa = PBXTargetDependency;
			target = 4111119F1A8767ED003F0EC4 /* SG_Template */;
			targetProxy = 411111BA1A8767ED003F0EC4 /* PBXContainerItemProxy */;
		};
/* End PBXTargetDependency section */

/* Begin PBXVariantGroup section */
		411111AD1A8767ED003F0EC4 /* Main.storyboard */ = {
			isa = PBXVariantGroup;
			children = (
				411111AE1A8767ED003F0EC4 /* Base */,
			);
			name = Main.storyboard;
			sourceTree = "<group>";
		};
		411111B21A8767ED003F0EC4 /* LaunchScreen.xib */ = {
			isa = PBXVariantGroup;
			children = (
				411111B31A8767ED003F0EC4 /* Base */,
			);
			name = LaunchScreen.xib;
			sourceTree = "<group>";
		};
/* End PBXVariantGroup section */

/* Begin XCBuildConfiguration section */
		411111C11A8767ED003F0EC4 /* Debug */ = {
			isa = XCBuildConfiguration;
			buildSettings = {
				ALWAYS_SEARCH_USER_PATHS = NO;
				CLANG_CXX_LANGUAGE_STANDARD = "gnu++0x";
				CLANG_CXX_LIBRARY = "libc++";
				CLANG_ENABLE_MODULES = YES;
				CLANG_ENABLE_OBJC_ARC = YES;
				CLANG_WARN_BOOL_CONVERSION = YES;
				CLANG_WARN_CONSTANT_CONVERSION = YES;
				CLANG_WARN_DIRECT_OBJC_ISA_USAGE = YES_ERROR;
				CLANG_WARN_EMPTY_BODY = YES;
				CLANG_WARN_ENUM_CONVERSION = YES;
				CLANG_WARN_INT_CONVERSION = YES;
				CLANG_WARN_OBJC_ROOT_CLASS = YES_ERROR;
				CLANG_WARN_UNREACHABLE_CODE = YES;
				CLANG_WARN__DUPLICATE_METHOD_MATCH = YES;
				"CODE_SIGN_IDENTITY[sdk=iphoneos*]" = "iPhone Developer";
				COPY_PHASE_STRIP = NO;
				ENABLE_STRICT_OBJC_MSGSEND = YES;
				GCC_C_LANGUAGE_STANDARD = gnu99;
				GCC_DYNAMIC_NO_PIC = NO;
				GCC_OPTIMIZATION_LEVEL = 0;
				GCC_PREPROCESSOR_DEFINITIONS = (
					"DEBUG=1",
					"$(inherited)",
				);
				GCC_SYMBOLS_PRIVATE_EXTERN = NO;
				GCC_WARN_64_TO_32_BIT_CONVERSION = YES;
				GCC_WARN_ABOUT_RETURN_TYPE = YES_ERROR;
				GCC_WARN_UNDECLARED_SELECTOR = YES;
				GCC_WARN_UNINITIALIZED_AUTOS = YES_AGGRESSIVE;
				GCC_WARN_UNUSED_FUNCTION = YES;
				GCC_WARN_UNUSED_VARIABLE = YES;
				IPHONEOS_DEPLOYMENT_TARGET = 8.1;
				MTL_ENABLE_DEBUG_INFO = YES;
				ONLY_ACTIVE_ARCH = YES;
				SDKROOT = iphoneos;
				SWIFT_OPTIMIZATION_LEVEL = "-Onone";
				TARGETED_DEVICE_FAMILY = "1,2";
			};
			name = Debug;
		};
		411111C21A8767ED003F0EC4 /* Release */ = {
			isa = XCBuildConfiguration;
			buildSettings = {
				ALWAYS_SEARCH_USER_PATHS = NO;
				CLANG_CXX_LANGUAGE_STANDARD = "gnu++0x";
				CLANG_CXX_LIBRARY = "libc++";
				CLANG_ENABLE_MODULES = YES;
				CLANG_ENABLE_OBJC_ARC = YES;
				CLANG_WARN_BOOL_CONVERSION = YES;
				CLANG_WARN_CONSTANT_CONVERSION = YES;
				CLANG_WARN_DIRECT_OBJC_ISA_USAGE = YES_ERROR;
				CLANG_WARN_EMPTY_BODY = YES;
				CLANG_WARN_ENUM_CONVERSION = YES;
				CLANG_WARN_INT_CONVERSION = YES;
				CLANG_WARN_OBJC_ROOT_CLASS = YES_ERROR;
				CLANG_WARN_UNREACHABLE_CODE = YES;
				CLANG_WARN__DUPLICATE_METHOD_MATCH = YES;
				"CODE_SIGN_IDENTITY[sdk=iphoneos*]" = "iPhone Developer";
				COPY_PHASE_STRIP = YES;
				ENABLE_NS_ASSERTIONS = NO;
				ENABLE_STRICT_OBJC_MSGSEND = YES;
				GCC_C_LANGUAGE_STANDARD = gnu99;
				GCC_WARN_64_TO_32_BIT_CONVERSION = YES;
				GCC_WARN_ABOUT_RETURN_TYPE = YES_ERROR;
				GCC_WARN_UNDECLARED_SELECTOR = YES;
				GCC_WARN_UNINITIALIZED_AUTOS = YES_AGGRESSIVE;
				GCC_WARN_UNUSED_FUNCTION = YES;
				GCC_WARN_UNUSED_VARIABLE = YES;
				IPHONEOS_DEPLOYMENT_TARGET = 8.1;
				MTL_ENABLE_DEBUG_INFO = NO;
				SDKROOT = iphoneos;
				TARGETED_DEVICE_FAMILY = "1,2";
				VALIDATE_PRODUCT = YES;
			};
			name = Release;
		};
		411111C41A8767ED003F0EC4 /* Debug */ = {
			isa = XCBuildConfiguration;
			buildSettings = {
				ASSETCATALOG_COMPILER_APPICON_NAME = AppIcon;
				INFOPLIST_FILE = SG_Template/Info.plist;
				LD_RUNPATH_SEARCH_PATHS = "$(inherited) @executable_path/Frameworks";
				PRODUCT_NAME = "$(TARGET_NAME)";
			};
			name = Debug;
		};
		411111C51A8767ED003F0EC4 /* Release */ = {
			isa = XCBuildConfiguration;
			buildSettings = {
				ASSETCATALOG_COMPILER_APPICON_NAME = AppIcon;
				INFOPLIST_FILE = SG_Template/Info.plist;
				LD_RUNPATH_SEARCH_PATHS = "$(inherited) @executable_path/Frameworks";
				PRODUCT_NAME = "$(TARGET_NAME)";
			};
			name = Release;
		};
		411111C71A8767ED003F0EC4 /* Debug */ = {
			isa = XCBuildConfiguration;
			buildSettings = {
				BUNDLE_LOADER = "$(TEST_HOST)";
				FRAMEWORK_SEARCH_PATHS = (
					"$(SDKROOT)/Developer/Library/Frameworks",
					"$(inherited)",
				);
				GCC_PREPROCESSOR_DEFINITIONS = (
					"DEBUG=1",
					"$(inherited)",
				);
				INFOPLIST_FILE = SG_TemplateTests/Info.plist;
				LD_RUNPATH_SEARCH_PATHS = "$(inherited) @executable_path/Frameworks @loader_path/Frameworks";
				PRODUCT_NAME = "$(TARGET_NAME)";
				TEST_HOST = "$(BUILT_PRODUCTS_DIR)/SG_Template.app/SG_Template";
			};
			name = Debug;
		};
		411111C81A8767ED003F0EC4 /* Release */ = {
			isa = XCBuildConfiguration;
			buildSettings = {
				BUNDLE_LOADER = "$(TEST_HOST)";
				FRAMEWORK_SEARCH_PATHS = (
					"$(SDKROOT)/Developer/Library/Frameworks",
					"$(inherited)",
				);
				INFOPLIST_FILE = SG_TemplateTests/Info.plist;
				LD_RUNPATH_SEARCH_PATHS = "$(inherited) @executable_path/Frameworks @loader_path/Frameworks";
				PRODUCT_NAME = "$(TARGET_NAME)";
				TEST_HOST = "$(BUILT_PRODUCTS_DIR)/SG_Template.app/SG_Template";
			};
			name = Release;
		};
/* End XCBuildConfiguration section */

/* Begin XCConfigurationList section */
		4111119B1A8767ED003F0EC4 /* Build configuration list for PBXProject "SG_Template" */ = {
			isa = XCConfigurationList;
			buildConfigurations = (
				411111C11A8767ED003F0EC4 /* Debug */,
				411111C21A8767ED003F0EC4 /* Release */,
			);
			defaultConfigurationIsVisible = 0;
			defaultConfigurationName = Release;
		};
		411111C31A8767ED003F0EC4 /* Build configuration list for PBXNativeTarget "SG_Template" */ = {
			isa = XCConfigurationList;
			buildConfigurations = (
				411111C41A8767ED003F0EC4 /* Debug */,
				411111C51A8767ED003F0EC4 /* Release */,
			);
			defaultConfigurationIsVisible = 0;
		};
		411111C61A8767ED003F0EC4 /* Build configuration list for PBXNativeTarget "SG_TemplateTests" */ = {
			isa = XCConfigurationList;
			buildConfigurations = (
				411111C71A8767ED003F0EC4 /* Debug */,
				411111C81A8767ED003F0EC4 /* Release */,
			);
			defaultConfigurationIsVisible = 0;
		};
/* End XCConfigurationList section */
	};
	rootObject = 411111981A8767ED003F0EC4 /* Project object */;
}
